
Microsoft Visual Studio Solution File, Format Version 12.00
# Visual Studio Version 17
VisualStudioVersion = 17.7.34031.279
MinimumVisualStudioVersion = 10.0.40219.1
Project("{FAE04EC0-301F-11D3-BF4B-00C04F79EFBC}") = "MongoDbProject", "MongoDbProject\MongoDbProject.csproj", "{2665378F-E144-4C56-B1B4-DABEB2DB554A}"
EndProject
Global
	GlobalSection(SolutionConfigurationPlatforms) = preSolution
		Debug|Any CPU = Debug|Any CPU
		Release|Any CPU = Release|Any CPU
	EndGlobalSection
	GlobalSection(ProjectConfigurationPlatforms) = postSolution
		{2665378F-E144-4C56-B1B4-DABEB2DB554A}.Debug|Any CPU.ActiveCfg = Debug|Any CPU
		{2665378F-E144-4C56-B1B4-DABEB2DB554A}.Debug|Any CPU.Build.0 = Debug|Any CPU
		{2665378F-E144-4C56-B1B4-DABEB2DB554A}.Release|Any CPU.ActiveCfg = Release|Any CPU
		{2665378F-E144-4C56-B1B4-DABEB2DB554A}.Release|Any CPU.Build.0 = Release|Any CPU
	EndGlobalSection
	GlobalSection(SolutionProperties) = preSolution
		HideSolutionNode = FALSE
	EndGlobalSection
	GlobalSection(ExtensibilityGlobals) = postSolution
		SolutionGuid = {00367BD6-8380-4E96-9BF9-DC945460487C}
	EndGlobalSection
EndGlobal
